
Microsoft Visual Studio Solution File, Format Version 11.00
# Visual Studio 2010
Project("{FAE04EC0-301F-11D3-BF4B-00C04F79EFBC}") = "Assembly-CSharp", "Assembly-CSharp.csproj", "{6f3c3650-634a-b41b-ba6b-2933ff16c73b}"
EndProject
Project("{FAE04EC0-301F-11D3-BF4B-00C04F79EFBC}") = "Assembly-CSharp-Editor", "Assembly-CSharp-Editor.csproj", "{bfa6a2e0-9aab-89dd-f7cc-79472eca9efd}"
EndProject
Global
	GlobalSection(SolutionConfigurationPlatforms) = preSolution
		Debug|Any CPU = Debug|Any CPU
	EndGlobalSection
	GlobalSection(ProjectConfigurationPlatforms) = postSolution
		{6f3c3650-634a-b41b-ba6b-2933ff16c73b}.Debug|Any CPU.ActiveCfg = Debug|Any CPU
		{6f3c3650-634a-b41b-ba6b-2933ff16c73b}.Debug|Any CPU.Build.0 = Debug|Any CPU
		{bfa6a2e0-9aab-89dd-f7cc-79472eca9efd}.Debug|Any CPU.ActiveCfg = Debug|Any CPU
		{bfa6a2e0-9aab-89dd-f7cc-79472eca9efd}.Debug|Any CPU.Build.0 = Debug|Any CPU
	EndGlobalSection
	GlobalSection(SolutionProperties) = preSolution
		HideSolutionNode = FALSE
	EndGlobalSection
EndGlobal
